
Microsoft Visual Studio Solution File, Format Version 12.00
# Visual Studio Version 17
VisualStudioVersion = 17.2.32630.192
MinimumVisualStudioVersion = 10.0.40219.1
Project("{9A19103F-16F7-4668-BE54-9A1E7A4F7556}") = "R5T.L0079", "R5T.L0079\R5T.L0079.csproj", "{6C7EAE28-8C5F-4538-832C-F91DE88631AE}"
EndProject
Project("{2150E333-8FDC-42A3-9474-1A3956D46DE8}") = "_Dependencies", "_Dependencies", "{86225C93-C175-4BB3-BBB3-205FB3BB34A0}"
EndProject
Project("{9A19103F-16F7-4668-BE54-9A1E7A4F7556}") = "R5T.L0066", "..\..\R5T.L0066\source\R5T.L0066\R5T.L0066.csproj", "{3F847EDE-3466-4D68-8625-201E99C846EB}"
EndProject
Project("{9A19103F-16F7-4668-BE54-9A1E7A4F7556}") = "R5T.L0078", "..\..\R5T.L0078\source\R5T.L0078\R5T.L0078.csproj", "{6FBEB60D-7889-49BE-B190-44316EBEB467}"
EndProject
Project("{9A19103F-16F7-4668-BE54-9A1E7A4F7556}") = "R5T.NG0005", "..\..\R5T.NG0005\source\R5T.NG0005\R5T.NG0005.csproj", "{B179F96F-75A2-4CED-A563-0739742B3B6E}"
EndProject
Project("{9A19103F-16F7-4668-BE54-9A1E7A4F7556}") = "R5T.T0131", "..\..\R5T.T0131\source\R5T.T0131\R5T.T0131.csproj", "{33DEF2A9-22EB-4BAC-B6C8-EFF654F0855C}"
EndProject
Project("{9A19103F-16F7-4668-BE54-9A1E7A4F7556}") = "R5T.T0132", "..\..\R5T.T0132\source\R5T.T0132\R5T.T0132.csproj", "{7C92FE5E-E54C-4D06-8A89-F83CB22001F5}"
EndProject
Project("{9A19103F-16F7-4668-BE54-9A1E7A4F7556}") = "R5T.T0142", "..\..\R5T.T0142\source\R5T.T0142\R5T.T0142.csproj", "{6660E800-4705-48DB-BD07-77953010F2E0}"
EndProject
Project("{9A19103F-16F7-4668-BE54-9A1E7A4F7556}") = "R5T.T0143", "..\..\R5T.T0143\source\R5T.T0143\R5T.T0143.csproj", "{981AC018-15C4-4559-92CC-DAA3BEFD98D0}"
EndProject
Project("{9A19103F-16F7-4668-BE54-9A1E7A4F7556}") = "R5T.T0156", "..\..\R5T.T0156\source\R5T.T0156\R5T.T0156.csproj", "{1384C2F9-3AD8-4D86-BAF1-344E48AC4278}"
EndProject
Project("{9A19103F-16F7-4668-BE54-9A1E7A4F7556}") = "R5T.Y0006", "..\..\R5T.Y0006\source\R5T.Y0006\R5T.Y0006.csproj", "{23381675-E01B-4536-8B41-5A00D834C7CB}"
EndProject
Global
	GlobalSection(NestedProjects) = preSolution
		{3F847EDE-3466-4D68-8625-201E99C846EB} = {86225C93-C175-4BB3-BBB3-205FB3BB34A0}
		{6FBEB60D-7889-49BE-B190-44316EBEB467} = {86225C93-C175-4BB3-BBB3-205FB3BB34A0}
		{B179F96F-75A2-4CED-A563-0739742B3B6E} = {86225C93-C175-4BB3-BBB3-205FB3BB34A0}
		{33DEF2A9-22EB-4BAC-B6C8-EFF654F0855C} = {86225C93-C175-4BB3-BBB3-205FB3BB34A0}
		{7C92FE5E-E54C-4D06-8A89-F83CB22001F5} = {86225C93-C175-4BB3-BBB3-205FB3BB34A0}
		{6660E800-4705-48DB-BD07-77953010F2E0} = {86225C93-C175-4BB3-BBB3-205FB3BB34A0}
		{981AC018-15C4-4559-92CC-DAA3BEFD98D0} = {86225C93-C175-4BB3-BBB3-205FB3BB34A0}
		{1384C2F9-3AD8-4D86-BAF1-344E48AC4278} = {86225C93-C175-4BB3-BBB3-205FB3BB34A0}
		{23381675-E01B-4536-8B41-5A00D834C7CB} = {86225C93-C175-4BB3-BBB3-205FB3BB34A0}
	EndGlobalSection
	GlobalSection(SolutionConfigurationPlatforms) = preSolution
		Debug|Any CPU = Debug|Any CPU
		Release|Any CPU = Release|Any CPU
	EndGlobalSection
	GlobalSection(ProjectConfigurationPlatforms) = postSolution
		{6C7EAE28-8C5F-4538-832C-F91DE88631AE}.Debug|Any CPU.ActiveCfg = Debug|Any CPU
		{6C7EAE28-8C5F-4538-832C-F91DE88631AE}.Debug|Any CPU.Build.0 = Debug|Any CPU
		{6C7EAE28-8C5F-4538-832C-F91DE88631AE}.Release|Any CPU.ActiveCfg = Release|Any CPU
		{6C7EAE28-8C5F-4538-832C-F91DE88631AE}.Release|Any CPU.Build.0 = Release|Any CPU
		{3F847EDE-3466-4D68-8625-201E99C846EB}.Debug|Any CPU.ActiveCfg = Debug|Any CPU
		{3F847EDE-3466-4D68-8625-201E99C846EB}.Debug|Any CPU.Build.0 = Debug|Any CPU
		{3F847EDE-3466-4D68-8625-201E99C846EB}.Release|Any CPU.ActiveCfg = Release|Any CPU
		{3F847EDE-3466-4D68-8625-201E99C846EB}.Release|Any CPU.Build.0 = Release|Any CPU
		{6FBEB60D-7889-49BE-B190-44316EBEB467}.Debug|Any CPU.ActiveCfg = Debug|Any CPU
		{6FBEB60D-7889-49BE-B190-44316EBEB467}.Debug|Any CPU.Build.0 = Debug|Any CPU
		{6FBEB60D-7889-49BE-B190-44316EBEB467}.Release|Any CPU.ActiveCfg = Release|Any CPU
		{6FBEB60D-7889-49BE-B190-44316EBEB467}.Release|Any CPU.Build.0 = Release|Any CPU
		{B179F96F-75A2-4CED-A563-0739742B3B6E}.Debug|Any CPU.ActiveCfg = Debug|Any CPU
		{B179F96F-75A2-4CED-A563-0739742B3B6E}.Debug|Any CPU.Build.0 = Debug|Any CPU
		{B179F96F-75A2-4CED-A563-0739742B3B6E}.Release|Any CPU.ActiveCfg = Release|Any CPU
		{B179F96F-75A2-4CED-A563-0739742B3B6E}.Release|Any CPU.Build.0 = Release|Any CPU
		{33DEF2A9-22EB-4BAC-B6C8-EFF654F0855C}.Debug|Any CPU.ActiveCfg = Debug|Any CPU
		{33DEF2A9-22EB-4BAC-B6C8-EFF654F0855C}.Debug|Any CPU.Build.0 = Debug|Any CPU
		{33DEF2A9-22EB-4BAC-B6C8-EFF654F0855C}.Release|Any CPU.ActiveCfg = Release|Any CPU
		{33DEF2A9-22EB-4BAC-B6C8-EFF654F0855C}.Release|Any CPU.Build.0 = Release|Any CPU
		{7C92FE5E-E54C-4D06-8A89-F83CB22001F5}.Debug|Any CPU.ActiveCfg = Debug|Any CPU
		{7C92FE5E-E54C-4D06-8A89-F83CB22001F5}.Debug|Any CPU.Build.0 = Debug|Any CPU
		{7C92FE5E-E54C-4D06-8A89-F83CB22001F5}.Release|Any CPU.ActiveCfg = Release|Any CPU
		{7C92FE5E-E54C-4D06-8A89-F83CB22001F5}.Release|Any CPU.Build.0 = Release|Any CPU
		{6660E800-4705-48DB-BD07-77953010F2E0}.Debug|Any CPU.ActiveCfg = Debug|Any CPU
		{6660E800-4705-48DB-BD07-77953010F2E0}.Debug|Any CPU.Build.0 = Debug|Any CPU
		{6660E800-4705-48DB-BD07-77953010F2E0}.Release|Any CPU.ActiveCfg = Release|Any CPU
		{6660E800-4705-48DB-BD07-77953010F2E0}.Release|Any CPU.Build.0 = Release|Any CPU
		{981AC018-15C4-4559-92CC-DAA3BEFD98D0}.Debug|Any CPU.ActiveCfg = Debug|Any CPU
		{981AC018-15C4-4559-92CC-DAA3BEFD98D0}.Debug|Any CPU.Build.0 = Debug|Any CPU
		{981AC018-15C4-4559-92CC-DAA3BEFD98D0}.Release|Any CPU.ActiveCfg = Release|Any CPU
		{981AC018-15C4-4559-92CC-DAA3BEFD98D0}.Release|Any CPU.Build.0 = Release|Any CPU
		{1384C2F9-3AD8-4D86-BAF1-344E48AC4278}.Debug|Any CPU.ActiveCfg = Debug|Any CPU
		{1384C2F9-3AD8-4D86-BAF1-344E48AC4278}.Debug|Any CPU.Build.0 = Debug|Any CPU
		{1384C2F9-3AD8-4D86-BAF1-344E48AC4278}.Release|Any CPU.ActiveCfg = Release|Any CPU
		{1384C2F9-3AD8-4D86-BAF1-344E48AC4278}.Release|Any CPU.Build.0 = Release|Any CPU
		{23381675-E01B-4536-8B41-5A00D834C7CB}.Debug|Any CPU.ActiveCfg = Debug|Any CPU
		{23381675-E01B-4536-8B41-5A00D834C7CB}.Debug|Any CPU.Build.0 = Debug|Any CPU
		{23381675-E01B-4536-8B41-5A00D834C7CB}.Release|Any CPU.ActiveCfg = Release|Any CPU
		{23381675-E01B-4536-8B41-5A00D834C7CB}.Release|Any CPU.Build.0 = Release|Any CPU
	EndGlobalSection
	GlobalSection(SolutionProperties) = preSolution
		HideSolutionNode = FALSE
	EndGlobalSection
	GlobalSection(ExtensibilityGlobals) = postSolution
		SolutionGuid = {CD18FE8F-1C51-4F51-9835-34045795BD8A}
	EndGlobalSection
EndGlobal
