
Microsoft Visual Studio Solution File, Format Version 12.00
# Visual Studio Version 17
VisualStudioVersion = 17.2.32630.192
MinimumVisualStudioVersion = 10.0.40219.1
Project("{9A19103F-16F7-4668-BE54-9A1E7A4F7556}") = "R5T.L0079.Construction", "R5T.L0079.Construction\R5T.L0079.Construction.csproj", "{3CB770BD-CE5D-4214-A1A8-4682794885B2}"
EndProject
Project("{9A19103F-16F7-4668-BE54-9A1E7A4F7556}") = "R5T.L0079", "R5T.L0079\R5T.L0079.csproj", "{29D93A15-02FE-41D1-A437-2F2F3745EA52}"
EndProject
Project("{2150E333-8FDC-42A3-9474-1A3956D46DE8}") = "_Dependencies", "_Dependencies", "{C2784E1C-9117-48A1-B0C5-0760B9CCC39B}"
EndProject
Project("{9A19103F-16F7-4668-BE54-9A1E7A4F7556}") = "R5T.L0066", "..\..\R5T.L0066\source\R5T.L0066\R5T.L0066.csproj", "{8DBA9437-8631-419A-982A-199CEC51EE47}"
EndProject
Project("{9A19103F-16F7-4668-BE54-9A1E7A4F7556}") = "R5T.L0078", "..\..\R5T.L0078\source\R5T.L0078\R5T.L0078.csproj", "{6D6DB472-FAFA-4DC3-8B43-1C244AF34C89}"
EndProject
Project("{9A19103F-16F7-4668-BE54-9A1E7A4F7556}") = "R5T.NG0005", "..\..\R5T.NG0005\source\R5T.NG0005\R5T.NG0005.csproj", "{826EEAAF-C26D-40F4-96EA-CEC443350540}"
EndProject
Project("{9A19103F-16F7-4668-BE54-9A1E7A4F7556}") = "R5T.T0131", "..\..\R5T.T0131\source\R5T.T0131\R5T.T0131.csproj", "{275D7042-1430-4952-9544-F85AD24A7921}"
EndProject
Project("{9A19103F-16F7-4668-BE54-9A1E7A4F7556}") = "R5T.T0132", "..\..\R5T.T0132\source\R5T.T0132\R5T.T0132.csproj", "{A4A5612F-825B-46E6-AC57-0A2D09999989}"
EndProject
Project("{9A19103F-16F7-4668-BE54-9A1E7A4F7556}") = "R5T.T0142", "..\..\R5T.T0142\source\R5T.T0142\R5T.T0142.csproj", "{F2E4C088-8626-4EFE-AF17-43EFF9CD84D8}"
EndProject
Project("{9A19103F-16F7-4668-BE54-9A1E7A4F7556}") = "R5T.T0143", "..\..\R5T.T0143\source\R5T.T0143\R5T.T0143.csproj", "{FFCFDAE3-F1B1-46B1-A704-FD0DD53C08B2}"
EndProject
Project("{9A19103F-16F7-4668-BE54-9A1E7A4F7556}") = "R5T.T0156", "..\..\R5T.T0156\source\R5T.T0156\R5T.T0156.csproj", "{68CFFD84-2142-4B7C-B6E0-DB951CD9F556}"
EndProject
Project("{9A19103F-16F7-4668-BE54-9A1E7A4F7556}") = "R5T.Y0006", "..\..\R5T.Y0006\source\R5T.Y0006\R5T.Y0006.csproj", "{83C9C089-C33A-4037-B574-620B3F89F86B}"
EndProject
Project("{9A19103F-16F7-4668-BE54-9A1E7A4F7556}") = "R5T.L0079.Z100", "R5T.L0079.Z100\R5T.L0079.Z100.csproj", "{8229E196-26AD-475E-B0E7-E138124C8A6B}"
EndProject
Project("{9A19103F-16F7-4668-BE54-9A1E7A4F7556}") = "R5T.F0000", "..\..\R5T.F0000\source\R5T.F0000\R5T.F0000.csproj", "{64B31514-2ACB-493B-8C75-3D3618C5DCAA}"
EndProject
Project("{9A19103F-16F7-4668-BE54-9A1E7A4F7556}") = "R5T.F0002", "..\..\R5T.F0002\source\R5T.F0002\R5T.F0002.csproj", "{481F3E63-60C6-4264-8669-EC42EE5709C2}"
EndProject
Project("{9A19103F-16F7-4668-BE54-9A1E7A4F7556}") = "R5T.F0059", "..\..\R5T.F0059\source\R5T.F0059\R5T.F0059.csproj", "{A623117D-348B-433D-B858-9143F227DC40}"
EndProject
Project("{9A19103F-16F7-4668-BE54-9A1E7A4F7556}") = "R5T.F0120", "..\..\R5T.F0120\source\R5T.F0120\R5T.F0120.csproj", "{B121A393-3A6B-4A77-A8DC-3F709FD2615B}"
EndProject
Project("{9A19103F-16F7-4668-BE54-9A1E7A4F7556}") = "R5T.F0124", "..\..\R5T.F0124\source\R5T.F0124\R5T.F0124.csproj", "{82F8BF9C-075B-4FFC-A051-F6F38BBD8D96}"
EndProject
Project("{9A19103F-16F7-4668-BE54-9A1E7A4F7556}") = "R5T.F0125", "..\..\R5T.F0125\source\R5T.F0125\R5T.F0125.csproj", "{082B485C-7CC2-48BE-B477-1CF912E34AAE}"
EndProject
Project("{9A19103F-16F7-4668-BE54-9A1E7A4F7556}") = "R5T.L0030.T000", "..\..\R5T.L0030\source\R5T.L0030.T000\R5T.L0030.T000.csproj", "{87FA9983-97EC-4072-9574-938F0E018E7D}"
EndProject
Project("{9A19103F-16F7-4668-BE54-9A1E7A4F7556}") = "R5T.L0030", "..\..\R5T.L0030\source\R5T.L0030\R5T.L0030.csproj", "{D12ED9BB-E32D-49FB-BB8F-D0C2C43EA246}"
EndProject
Project("{9A19103F-16F7-4668-BE54-9A1E7A4F7556}") = "R5T.L0034", "..\..\R5T.L0034\source\R5T.L0034\R5T.L0034.csproj", "{120EFAF4-9F09-4C43-94CA-DD39BA2B9D60}"
EndProject
Project("{9A19103F-16F7-4668-BE54-9A1E7A4F7556}") = "R5T.L0035", "..\..\R5T.L0035\source\R5T.L0035\R5T.L0035.csproj", "{4C29796B-316B-440A-823E-7E32CDD6B3D0}"
EndProject
Project("{9A19103F-16F7-4668-BE54-9A1E7A4F7556}") = "R5T.L0053", "..\..\R5T.L0053\source\R5T.L0053\R5T.L0053.csproj", "{08295957-7137-4261-BCEE-647282C39652}"
EndProject
Project("{9A19103F-16F7-4668-BE54-9A1E7A4F7556}") = "R5T.L0056", "..\..\R5T.L0056\source\R5T.L0056\R5T.L0056.csproj", "{79B5ABD9-F023-4066-9B17-52ED856D4A63}"
EndProject
Project("{9A19103F-16F7-4668-BE54-9A1E7A4F7556}") = "R5T.L0071", "..\..\R5T.L0071\source\R5T.L0071\R5T.L0071.csproj", "{D3CCECF5-DD39-4F95-AC63-7F1069D8ED7C}"
EndProject
Project("{9A19103F-16F7-4668-BE54-9A1E7A4F7556}") = "R5T.L0074", "..\..\R5T.L0074\source\R5T.L0074\R5T.L0074.csproj", "{3C682F32-CD2B-4EE3-9B3E-BAA6C0C86AA8}"
EndProject
Project("{9A19103F-16F7-4668-BE54-9A1E7A4F7556}") = "R5T.NG0006", "..\..\R5T.NG0006\source\R5T.NG0006\R5T.NG0006.csproj", "{76675182-D77A-433D-8D86-E7392D64C998}"
EndProject
Project("{9A19103F-16F7-4668-BE54-9A1E7A4F7556}") = "R5T.NG0022", "..\..\R5T.NG0022\source\R5T.NG0022\R5T.NG0022.csproj", "{AA8ADF76-A581-4478-A43D-7B665ADA0DB8}"
EndProject
Project("{9A19103F-16F7-4668-BE54-9A1E7A4F7556}") = "R5T.T0150", "..\..\R5T.T0150\source\R5T.T0150\R5T.T0150.csproj", "{36122DE2-6A17-4B69-97FB-89B59F6FABFC}"
EndProject
Project("{9A19103F-16F7-4668-BE54-9A1E7A4F7556}") = "R5T.T0151", "..\..\R5T.T0151\source\R5T.T0151\R5T.T0151.csproj", "{B08E4F60-E558-4D75-8CA5-104AA8D14E66}"
EndProject
Project("{9A19103F-16F7-4668-BE54-9A1E7A4F7556}") = "R5T.T0158", "..\..\R5T.T0158\source\R5T.T0158\R5T.T0158.csproj", "{013D8E88-27E2-4754-8EE6-FF00B2732DC2}"
EndProject
Project("{9A19103F-16F7-4668-BE54-9A1E7A4F7556}") = "R5T.T0159", "..\..\R5T.T0159\source\R5T.T0159\R5T.T0159.csproj", "{74A54075-DACB-4456-90BB-61DB5AE0BE01}"
EndProject
Project("{9A19103F-16F7-4668-BE54-9A1E7A4F7556}") = "R5T.T0172", "..\..\R5T.T0172\source\R5T.T0172\R5T.T0172.csproj", "{ED038B4E-CCC5-455F-A035-D74B3E96CE9F}"
EndProject
Project("{9A19103F-16F7-4668-BE54-9A1E7A4F7556}") = "R5T.T0174", "..\..\R5T.T0174\source\R5T.T0174\R5T.T0174.csproj", "{F8948451-EAEC-4B81-B657-6732891031B9}"
EndProject
Project("{9A19103F-16F7-4668-BE54-9A1E7A4F7556}") = "R5T.T0176", "..\..\R5T.T0176\source\R5T.T0176\R5T.T0176.csproj", "{31578022-1068-4737-B031-526BA5CB81C7}"
EndProject
Project("{9A19103F-16F7-4668-BE54-9A1E7A4F7556}") = "R5T.T0177", "..\..\R5T.T0177\source\R5T.T0177\R5T.T0177.csproj", "{A2CC1DAB-D54D-4D03-B35F-ECFF4A81B265}"
EndProject
Project("{9A19103F-16F7-4668-BE54-9A1E7A4F7556}") = "R5T.T0178", "..\..\R5T.T0178\source\R5T.T0178\R5T.T0178.csproj", "{B75ED1CA-B48F-48C6-BFA6-CEC5A103AE61}"
EndProject
Project("{9A19103F-16F7-4668-BE54-9A1E7A4F7556}") = "R5T.T0179", "..\..\R5T.T0179\source\R5T.T0179\R5T.T0179.csproj", "{FFAB069F-F787-4244-A7A3-5C6EDE7219AC}"
EndProject
Project("{9A19103F-16F7-4668-BE54-9A1E7A4F7556}") = "R5T.T0180", "..\..\R5T.T0180\source\R5T.T0180\R5T.T0180.csproj", "{DE3776DC-284A-4822-A780-33AB66D74F2C}"
EndProject
Project("{9A19103F-16F7-4668-BE54-9A1E7A4F7556}") = "R5T.T0181", "..\..\R5T.T0181\source\R5T.T0181\R5T.T0181.csproj", "{CCFE6B0F-028A-482E-8494-99CAEBF4932D}"
EndProject
Project("{9A19103F-16F7-4668-BE54-9A1E7A4F7556}") = "R5T.T0185", "..\..\R5T.T0185\source\R5T.T0185\R5T.T0185.csproj", "{5DA6AFC5-A457-4EAF-B93A-0A06BF2E952D}"
EndProject
Project("{9A19103F-16F7-4668-BE54-9A1E7A4F7556}") = "R5T.T0199.T000", "..\..\R5T.T0199\source\R5T.T0199.T000\R5T.T0199.T000.csproj", "{0D7D84CB-2FA2-4CDC-A7A7-3F10D8DC9551}"
EndProject
Project("{9A19103F-16F7-4668-BE54-9A1E7A4F7556}") = "R5T.T0199.T001", "..\..\R5T.T0199\source\R5T.T0199.T001\R5T.T0199.T001.csproj", "{D7C44482-D928-4A17-B111-7B01C430B248}"
EndProject
Project("{9A19103F-16F7-4668-BE54-9A1E7A4F7556}") = "R5T.T0199", "..\..\R5T.T0199\source\R5T.T0199\R5T.T0199.csproj", "{D03B4DF7-8CCE-46CA-9E9F-5E61B8E4E165}"
EndProject
Project("{9A19103F-16F7-4668-BE54-9A1E7A4F7556}") = "R5T.T0203", "..\..\R5T.T0203\source\R5T.T0203\R5T.T0203.csproj", "{B46686D9-4DA0-49A7-A745-E58EA353190F}"
EndProject
Project("{9A19103F-16F7-4668-BE54-9A1E7A4F7556}") = "R5T.T0213", "..\..\R5T.T0213\source\R5T.T0213\R5T.T0213.csproj", "{9D06892A-5812-4178-893D-57DF6E665D4D}"
EndProject
Project("{9A19103F-16F7-4668-BE54-9A1E7A4F7556}") = "R5T.T0218", "..\..\R5T.T0218\source\R5T.T0218\R5T.T0218.csproj", "{44E577B5-A7DF-4041-B489-9E59DBB11487}"
EndProject
Project("{9A19103F-16F7-4668-BE54-9A1E7A4F7556}") = "R5T.T0219", "..\..\R5T.T0219\source\R5T.T0219\R5T.T0219.csproj", "{5534EA95-CF4D-4D2E-9538-A9A17DBE5D8E}"
EndProject
Project("{9A19103F-16F7-4668-BE54-9A1E7A4F7556}") = "R5T.T0220", "..\..\R5T.T0220\source\R5T.T0220\R5T.T0220.csproj", "{DD648B36-A355-4C6E-87FD-BE0F444278E7}"
EndProject
Project("{9A19103F-16F7-4668-BE54-9A1E7A4F7556}") = "R5T.T0221", "..\..\R5T.T0221\source\R5T.T0221\R5T.T0221.csproj", "{D9CA5AA0-2FCE-466F-BC33-E39DEB53AE01}"
EndProject
Project("{9A19103F-16F7-4668-BE54-9A1E7A4F7556}") = "R5T.T0227", "..\..\R5T.T0227\source\R5T.T0227\R5T.T0227.csproj", "{2BFB6202-9809-4AD5-8841-02089FB33F27}"
EndProject
Project("{9A19103F-16F7-4668-BE54-9A1E7A4F7556}") = "R5T.Y0000", "..\..\R5T.Y0000\source\R5T.Y0000\R5T.Y0000.csproj", "{D31010BE-083C-44B9-A14F-121C36EF17F5}"
EndProject
Project("{9A19103F-16F7-4668-BE54-9A1E7A4F7556}") = "R5T.Z0000", "..\..\R5T.Z0000\source\R5T.Z0000\R5T.Z0000.csproj", "{BBB5B011-C3C8-4CD2-82AA-A558BBC6924E}"
EndProject
Project("{9A19103F-16F7-4668-BE54-9A1E7A4F7556}") = "R5T.Z0010.Platform", "..\..\R5T.Z0010\source\R5T.Z0010.Platform\R5T.Z0010.Platform.csproj", "{4E341BA3-248E-4FB5-827B-C97AB0B2F175}"
EndProject
Project("{9A19103F-16F7-4668-BE54-9A1E7A4F7556}") = "R5T.Z0010", "..\..\R5T.Z0010\source\R5T.Z0010\R5T.Z0010.csproj", "{65AA5C17-95AC-4D0E-AF87-7FD85D57DF5E}"
EndProject
Project("{9A19103F-16F7-4668-BE54-9A1E7A4F7556}") = "R5T.Z0057.Platform", "..\..\R5T.Z0057\source\R5T.Z0057.Platform\R5T.Z0057.Platform.csproj", "{37305BF5-5AA5-4641-8CAA-81B7CBAA13B7}"
EndProject
Project("{9A19103F-16F7-4668-BE54-9A1E7A4F7556}") = "R5T.Z0057", "..\..\R5T.Z0057\source\R5T.Z0057\R5T.Z0057.csproj", "{1327D819-F597-40A8-A847-25E10390F167}"
EndProject
Project("{9A19103F-16F7-4668-BE54-9A1E7A4F7556}") = "R5T.Z0058", "..\..\R5T.Z0058\source\R5T.Z0058\R5T.Z0058.csproj", "{2B799D2C-8077-454A-8B65-0B2F3D98F97A}"
EndProject
Project("{9A19103F-16F7-4668-BE54-9A1E7A4F7556}") = "R5T.L0078.F001", "..\..\R5T.L0078\source\R5T.L0078.F001\R5T.L0078.F001.csproj", "{5E56429A-F78F-4719-9793-90938A97EDB3}"
EndProject
Project("{9A19103F-16F7-4668-BE54-9A1E7A4F7556}") = "R5T.L0078.O001", "..\..\R5T.L0078\source\R5T.L0078.O001\R5T.L0078.O001.csproj", "{4E747E7B-0C37-45B0-856C-6F6B8DBAE886}"
EndProject
Project("{9A19103F-16F7-4668-BE54-9A1E7A4F7556}") = "R5T.L0078.T000", "..\..\R5T.L0078\source\R5T.L0078.T000\R5T.L0078.T000.csproj", "{682F0111-488E-46C7-9B5F-65E09945A916}"
EndProject
Project("{9A19103F-16F7-4668-BE54-9A1E7A4F7556}") = "R5T.T0240", "..\..\R5T.T0240\source\R5T.T0240\R5T.T0240.csproj", "{967594D4-EAE9-4A4A-9C3C-96BFD037B25A}"
EndProject
Global
	GlobalSection(NestedProjects) = preSolution
		{8DBA9437-8631-419A-982A-199CEC51EE47} = {C2784E1C-9117-48A1-B0C5-0760B9CCC39B}
		{6D6DB472-FAFA-4DC3-8B43-1C244AF34C89} = {C2784E1C-9117-48A1-B0C5-0760B9CCC39B}
		{826EEAAF-C26D-40F4-96EA-CEC443350540} = {C2784E1C-9117-48A1-B0C5-0760B9CCC39B}
		{275D7042-1430-4952-9544-F85AD24A7921} = {C2784E1C-9117-48A1-B0C5-0760B9CCC39B}
		{A4A5612F-825B-46E6-AC57-0A2D09999989} = {C2784E1C-9117-48A1-B0C5-0760B9CCC39B}
		{F2E4C088-8626-4EFE-AF17-43EFF9CD84D8} = {C2784E1C-9117-48A1-B0C5-0760B9CCC39B}
		{FFCFDAE3-F1B1-46B1-A704-FD0DD53C08B2} = {C2784E1C-9117-48A1-B0C5-0760B9CCC39B}
		{68CFFD84-2142-4B7C-B6E0-DB951CD9F556} = {C2784E1C-9117-48A1-B0C5-0760B9CCC39B}
		{83C9C089-C33A-4037-B574-620B3F89F86B} = {C2784E1C-9117-48A1-B0C5-0760B9CCC39B}
		{64B31514-2ACB-493B-8C75-3D3618C5DCAA} = {C2784E1C-9117-48A1-B0C5-0760B9CCC39B}
		{481F3E63-60C6-4264-8669-EC42EE5709C2} = {C2784E1C-9117-48A1-B0C5-0760B9CCC39B}
		{A623117D-348B-433D-B858-9143F227DC40} = {C2784E1C-9117-48A1-B0C5-0760B9CCC39B}
		{B121A393-3A6B-4A77-A8DC-3F709FD2615B} = {C2784E1C-9117-48A1-B0C5-0760B9CCC39B}
		{82F8BF9C-075B-4FFC-A051-F6F38BBD8D96} = {C2784E1C-9117-48A1-B0C5-0760B9CCC39B}
		{082B485C-7CC2-48BE-B477-1CF912E34AAE} = {C2784E1C-9117-48A1-B0C5-0760B9CCC39B}
		{87FA9983-97EC-4072-9574-938F0E018E7D} = {C2784E1C-9117-48A1-B0C5-0760B9CCC39B}
		{D12ED9BB-E32D-49FB-BB8F-D0C2C43EA246} = {C2784E1C-9117-48A1-B0C5-0760B9CCC39B}
		{120EFAF4-9F09-4C43-94CA-DD39BA2B9D60} = {C2784E1C-9117-48A1-B0C5-0760B9CCC39B}
		{4C29796B-316B-440A-823E-7E32CDD6B3D0} = {C2784E1C-9117-48A1-B0C5-0760B9CCC39B}
		{08295957-7137-4261-BCEE-647282C39652} = {C2784E1C-9117-48A1-B0C5-0760B9CCC39B}
		{79B5ABD9-F023-4066-9B17-52ED856D4A63} = {C2784E1C-9117-48A1-B0C5-0760B9CCC39B}
		{D3CCECF5-DD39-4F95-AC63-7F1069D8ED7C} = {C2784E1C-9117-48A1-B0C5-0760B9CCC39B}
		{3C682F32-CD2B-4EE3-9B3E-BAA6C0C86AA8} = {C2784E1C-9117-48A1-B0C5-0760B9CCC39B}
		{76675182-D77A-433D-8D86-E7392D64C998} = {C2784E1C-9117-48A1-B0C5-0760B9CCC39B}
		{AA8ADF76-A581-4478-A43D-7B665ADA0DB8} = {C2784E1C-9117-48A1-B0C5-0760B9CCC39B}
		{36122DE2-6A17-4B69-97FB-89B59F6FABFC} = {C2784E1C-9117-48A1-B0C5-0760B9CCC39B}
		{B08E4F60-E558-4D75-8CA5-104AA8D14E66} = {C2784E1C-9117-48A1-B0C5-0760B9CCC39B}
		{013D8E88-27E2-4754-8EE6-FF00B2732DC2} = {C2784E1C-9117-48A1-B0C5-0760B9CCC39B}
		{74A54075-DACB-4456-90BB-61DB5AE0BE01} = {C2784E1C-9117-48A1-B0C5-0760B9CCC39B}
		{ED038B4E-CCC5-455F-A035-D74B3E96CE9F} = {C2784E1C-9117-48A1-B0C5-0760B9CCC39B}
		{F8948451-EAEC-4B81-B657-6732891031B9} = {C2784E1C-9117-48A1-B0C5-0760B9CCC39B}
		{31578022-1068-4737-B031-526BA5CB81C7} = {C2784E1C-9117-48A1-B0C5-0760B9CCC39B}
		{A2CC1DAB-D54D-4D03-B35F-ECFF4A81B265} = {C2784E1C-9117-48A1-B0C5-0760B9CCC39B}
		{B75ED1CA-B48F-48C6-BFA6-CEC5A103AE61} = {C2784E1C-9117-48A1-B0C5-0760B9CCC39B}
		{FFAB069F-F787-4244-A7A3-5C6EDE7219AC} = {C2784E1C-9117-48A1-B0C5-0760B9CCC39B}
		{DE3776DC-284A-4822-A780-33AB66D74F2C} = {C2784E1C-9117-48A1-B0C5-0760B9CCC39B}
		{CCFE6B0F-028A-482E-8494-99CAEBF4932D} = {C2784E1C-9117-48A1-B0C5-0760B9CCC39B}
		{5DA6AFC5-A457-4EAF-B93A-0A06BF2E952D} = {C2784E1C-9117-48A1-B0C5-0760B9CCC39B}
		{0D7D84CB-2FA2-4CDC-A7A7-3F10D8DC9551} = {C2784E1C-9117-48A1-B0C5-0760B9CCC39B}
		{D7C44482-D928-4A17-B111-7B01C430B248} = {C2784E1C-9117-48A1-B0C5-0760B9CCC39B}
		{D03B4DF7-8CCE-46CA-9E9F-5E61B8E4E165} = {C2784E1C-9117-48A1-B0C5-0760B9CCC39B}
		{B46686D9-4DA0-49A7-A745-E58EA353190F} = {C2784E1C-9117-48A1-B0C5-0760B9CCC39B}
		{9D06892A-5812-4178-893D-57DF6E665D4D} = {C2784E1C-9117-48A1-B0C5-0760B9CCC39B}
		{44E577B5-A7DF-4041-B489-9E59DBB11487} = {C2784E1C-9117-48A1-B0C5-0760B9CCC39B}
		{5534EA95-CF4D-4D2E-9538-A9A17DBE5D8E} = {C2784E1C-9117-48A1-B0C5-0760B9CCC39B}
		{DD648B36-A355-4C6E-87FD-BE0F444278E7} = {C2784E1C-9117-48A1-B0C5-0760B9CCC39B}
		{D9CA5AA0-2FCE-466F-BC33-E39DEB53AE01} = {C2784E1C-9117-48A1-B0C5-0760B9CCC39B}
		{2BFB6202-9809-4AD5-8841-02089FB33F27} = {C2784E1C-9117-48A1-B0C5-0760B9CCC39B}
		{D31010BE-083C-44B9-A14F-121C36EF17F5} = {C2784E1C-9117-48A1-B0C5-0760B9CCC39B}
		{BBB5B011-C3C8-4CD2-82AA-A558BBC6924E} = {C2784E1C-9117-48A1-B0C5-0760B9CCC39B}
		{4E341BA3-248E-4FB5-827B-C97AB0B2F175} = {C2784E1C-9117-48A1-B0C5-0760B9CCC39B}
		{65AA5C17-95AC-4D0E-AF87-7FD85D57DF5E} = {C2784E1C-9117-48A1-B0C5-0760B9CCC39B}
		{37305BF5-5AA5-4641-8CAA-81B7CBAA13B7} = {C2784E1C-9117-48A1-B0C5-0760B9CCC39B}
		{1327D819-F597-40A8-A847-25E10390F167} = {C2784E1C-9117-48A1-B0C5-0760B9CCC39B}
		{2B799D2C-8077-454A-8B65-0B2F3D98F97A} = {C2784E1C-9117-48A1-B0C5-0760B9CCC39B}
		{5E56429A-F78F-4719-9793-90938A97EDB3} = {C2784E1C-9117-48A1-B0C5-0760B9CCC39B}
		{4E747E7B-0C37-45B0-856C-6F6B8DBAE886} = {C2784E1C-9117-48A1-B0C5-0760B9CCC39B}
		{682F0111-488E-46C7-9B5F-65E09945A916} = {C2784E1C-9117-48A1-B0C5-0760B9CCC39B}
		{967594D4-EAE9-4A4A-9C3C-96BFD037B25A} = {C2784E1C-9117-48A1-B0C5-0760B9CCC39B}
	EndGlobalSection
	GlobalSection(SolutionConfigurationPlatforms) = preSolution
		Debug|Any CPU = Debug|Any CPU
		Release|Any CPU = Release|Any CPU
	EndGlobalSection
	GlobalSection(ProjectConfigurationPlatforms) = postSolution
		{3CB770BD-CE5D-4214-A1A8-4682794885B2}.Debug|Any CPU.ActiveCfg = Debug|Any CPU
		{3CB770BD-CE5D-4214-A1A8-4682794885B2}.Debug|Any CPU.Build.0 = Debug|Any CPU
		{3CB770BD-CE5D-4214-A1A8-4682794885B2}.Release|Any CPU.ActiveCfg = Release|Any CPU
		{3CB770BD-CE5D-4214-A1A8-4682794885B2}.Release|Any CPU.Build.0 = Release|Any CPU
		{29D93A15-02FE-41D1-A437-2F2F3745EA52}.Debug|Any CPU.ActiveCfg = Debug|Any CPU
		{29D93A15-02FE-41D1-A437-2F2F3745EA52}.Debug|Any CPU.Build.0 = Debug|Any CPU
		{29D93A15-02FE-41D1-A437-2F2F3745EA52}.Release|Any CPU.ActiveCfg = Release|Any CPU
		{29D93A15-02FE-41D1-A437-2F2F3745EA52}.Release|Any CPU.Build.0 = Release|Any CPU
		{8DBA9437-8631-419A-982A-199CEC51EE47}.Debug|Any CPU.ActiveCfg = Debug|Any CPU
		{8DBA9437-8631-419A-982A-199CEC51EE47}.Debug|Any CPU.Build.0 = Debug|Any CPU
		{8DBA9437-8631-419A-982A-199CEC51EE47}.Release|Any CPU.ActiveCfg = Release|Any CPU
		{8DBA9437-8631-419A-982A-199CEC51EE47}.Release|Any CPU.Build.0 = Release|Any CPU
		{6D6DB472-FAFA-4DC3-8B43-1C244AF34C89}.Debug|Any CPU.ActiveCfg = Debug|Any CPU
		{6D6DB472-FAFA-4DC3-8B43-1C244AF34C89}.Debug|Any CPU.Build.0 = Debug|Any CPU
		{6D6DB472-FAFA-4DC3-8B43-1C244AF34C89}.Release|Any CPU.ActiveCfg = Release|Any CPU
		{6D6DB472-FAFA-4DC3-8B43-1C244AF34C89}.Release|Any CPU.Build.0 = Release|Any CPU
		{826EEAAF-C26D-40F4-96EA-CEC443350540}.Debug|Any CPU.ActiveCfg = Debug|Any CPU
		{826EEAAF-C26D-40F4-96EA-CEC443350540}.Debug|Any CPU.Build.0 = Debug|Any CPU
		{826EEAAF-C26D-40F4-96EA-CEC443350540}.Release|Any CPU.ActiveCfg = Release|Any CPU
		{826EEAAF-C26D-40F4-96EA-CEC443350540}.Release|Any CPU.Build.0 = Release|Any CPU
		{275D7042-1430-4952-9544-F85AD24A7921}.Debug|Any CPU.ActiveCfg = Debug|Any CPU
		{275D7042-1430-4952-9544-F85AD24A7921}.Debug|Any CPU.Build.0 = Debug|Any CPU
		{275D7042-1430-4952-9544-F85AD24A7921}.Release|Any CPU.ActiveCfg = Release|Any CPU
		{275D7042-1430-4952-9544-F85AD24A7921}.Release|Any CPU.Build.0 = Release|Any CPU
		{A4A5612F-825B-46E6-AC57-0A2D09999989}.Debug|Any CPU.ActiveCfg = Debug|Any CPU
		{A4A5612F-825B-46E6-AC57-0A2D09999989}.Debug|Any CPU.Build.0 = Debug|Any CPU
		{A4A5612F-825B-46E6-AC57-0A2D09999989}.Release|Any CPU.ActiveCfg = Release|Any CPU
		{A4A5612F-825B-46E6-AC57-0A2D09999989}.Release|Any CPU.Build.0 = Release|Any CPU
		{F2E4C088-8626-4EFE-AF17-43EFF9CD84D8}.Debug|Any CPU.ActiveCfg = Debug|Any CPU
		{F2E4C088-8626-4EFE-AF17-43EFF9CD84D8}.Debug|Any CPU.Build.0 = Debug|Any CPU
		{F2E4C088-8626-4EFE-AF17-43EFF9CD84D8}.Release|Any CPU.ActiveCfg = Release|Any CPU
		{F2E4C088-8626-4EFE-AF17-43EFF9CD84D8}.Release|Any CPU.Build.0 = Release|Any CPU
		{FFCFDAE3-F1B1-46B1-A704-FD0DD53C08B2}.Debug|Any CPU.ActiveCfg = Debug|Any CPU
		{FFCFDAE3-F1B1-46B1-A704-FD0DD53C08B2}.Debug|Any CPU.Build.0 = Debug|Any CPU
		{FFCFDAE3-F1B1-46B1-A704-FD0DD53C08B2}.Release|Any CPU.ActiveCfg = Release|Any CPU
		{FFCFDAE3-F1B1-46B1-A704-FD0DD53C08B2}.Release|Any CPU.Build.0 = Release|Any CPU
		{68CFFD84-2142-4B7C-B6E0-DB951CD9F556}.Debug|Any CPU.ActiveCfg = Debug|Any CPU
		{68CFFD84-2142-4B7C-B6E0-DB951CD9F556}.Debug|Any CPU.Build.0 = Debug|Any CPU
		{68CFFD84-2142-4B7C-B6E0-DB951CD9F556}.Release|Any CPU.ActiveCfg = Release|Any CPU
		{68CFFD84-2142-4B7C-B6E0-DB951CD9F556}.Release|Any CPU.Build.0 = Release|Any CPU
		{83C9C089-C33A-4037-B574-620B3F89F86B}.Debug|Any CPU.ActiveCfg = Debug|Any CPU
		{83C9C089-C33A-4037-B574-620B3F89F86B}.Debug|Any CPU.Build.0 = Debug|Any CPU
		{83C9C089-C33A-4037-B574-620B3F89F86B}.Release|Any CPU.ActiveCfg = Release|Any CPU
		{83C9C089-C33A-4037-B574-620B3F89F86B}.Release|Any CPU.Build.0 = Release|Any CPU
		{8229E196-26AD-475E-B0E7-E138124C8A6B}.Debug|Any CPU.ActiveCfg = Debug|Any CPU
		{8229E196-26AD-475E-B0E7-E138124C8A6B}.Debug|Any CPU.Build.0 = Debug|Any CPU
		{8229E196-26AD-475E-B0E7-E138124C8A6B}.Release|Any CPU.ActiveCfg = Release|Any CPU
		{8229E196-26AD-475E-B0E7-E138124C8A6B}.Release|Any CPU.Build.0 = Release|Any CPU
		{64B31514-2ACB-493B-8C75-3D3618C5DCAA}.Debug|Any CPU.ActiveCfg = Debug|Any CPU
		{64B31514-2ACB-493B-8C75-3D3618C5DCAA}.Debug|Any CPU.Build.0 = Debug|Any CPU
		{64B31514-2ACB-493B-8C75-3D3618C5DCAA}.Release|Any CPU.ActiveCfg = Release|Any CPU
		{64B31514-2ACB-493B-8C75-3D3618C5DCAA}.Release|Any CPU.Build.0 = Release|Any CPU
		{481F3E63-60C6-4264-8669-EC42EE5709C2}.Debug|Any CPU.ActiveCfg = Debug|Any CPU
		{481F3E63-60C6-4264-8669-EC42EE5709C2}.Debug|Any CPU.Build.0 = Debug|Any CPU
		{481F3E63-60C6-4264-8669-EC42EE5709C2}.Release|Any CPU.ActiveCfg = Release|Any CPU
		{481F3E63-60C6-4264-8669-EC42EE5709C2}.Release|Any CPU.Build.0 = Release|Any CPU
		{A623117D-348B-433D-B858-9143F227DC40}.Debug|Any CPU.ActiveCfg = Debug|Any CPU
		{A623117D-348B-433D-B858-9143F227DC40}.Debug|Any CPU.Build.0 = Debug|Any CPU
		{A623117D-348B-433D-B858-9143F227DC40}.Release|Any CPU.ActiveCfg = Release|Any CPU
		{A623117D-348B-433D-B858-9143F227DC40}.Release|Any CPU.Build.0 = Release|Any CPU
		{B121A393-3A6B-4A77-A8DC-3F709FD2615B}.Debug|Any CPU.ActiveCfg = Debug|Any CPU
		{B121A393-3A6B-4A77-A8DC-3F709FD2615B}.Debug|Any CPU.Build.0 = Debug|Any CPU
		{B121A393-3A6B-4A77-A8DC-3F709FD2615B}.Release|Any CPU.ActiveCfg = Release|Any CPU
		{B121A393-3A6B-4A77-A8DC-3F709FD2615B}.Release|Any CPU.Build.0 = Release|Any CPU
		{82F8BF9C-075B-4FFC-A051-F6F38BBD8D96}.Debug|Any CPU.ActiveCfg = Debug|Any CPU
		{82F8BF9C-075B-4FFC-A051-F6F38BBD8D96}.Debug|Any CPU.Build.0 = Debug|Any CPU
		{82F8BF9C-075B-4FFC-A051-F6F38BBD8D96}.Release|Any CPU.ActiveCfg = Release|Any CPU
		{82F8BF9C-075B-4FFC-A051-F6F38BBD8D96}.Release|Any CPU.Build.0 = Release|Any CPU
		{082B485C-7CC2-48BE-B477-1CF912E34AAE}.Debug|Any CPU.ActiveCfg = Debug|Any CPU
		{082B485C-7CC2-48BE-B477-1CF912E34AAE}.Debug|Any CPU.Build.0 = Debug|Any CPU
		{082B485C-7CC2-48BE-B477-1CF912E34AAE}.Release|Any CPU.ActiveCfg = Release|Any CPU
		{082B485C-7CC2-48BE-B477-1CF912E34AAE}.Release|Any CPU.Build.0 = Release|Any CPU
		{87FA9983-97EC-4072-9574-938F0E018E7D}.Debug|Any CPU.ActiveCfg = Debug|Any CPU
		{87FA9983-97EC-4072-9574-938F0E018E7D}.Debug|Any CPU.Build.0 = Debug|Any CPU
		{87FA9983-97EC-4072-9574-938F0E018E7D}.Release|Any CPU.ActiveCfg = Release|Any CPU
		{87FA9983-97EC-4072-9574-938F0E018E7D}.Release|Any CPU.Build.0 = Release|Any CPU
		{D12ED9BB-E32D-49FB-BB8F-D0C2C43EA246}.Debug|Any CPU.ActiveCfg = Debug|Any CPU
		{D12ED9BB-E32D-49FB-BB8F-D0C2C43EA246}.Debug|Any CPU.Build.0 = Debug|Any CPU
		{D12ED9BB-E32D-49FB-BB8F-D0C2C43EA246}.Release|Any CPU.ActiveCfg = Release|Any CPU
		{D12ED9BB-E32D-49FB-BB8F-D0C2C43EA246}.Release|Any CPU.Build.0 = Release|Any CPU
		{120EFAF4-9F09-4C43-94CA-DD39BA2B9D60}.Debug|Any CPU.ActiveCfg = Debug|Any CPU
		{120EFAF4-9F09-4C43-94CA-DD39BA2B9D60}.Debug|Any CPU.Build.0 = Debug|Any CPU
		{120EFAF4-9F09-4C43-94CA-DD39BA2B9D60}.Release|Any CPU.ActiveCfg = Release|Any CPU
		{120EFAF4-9F09-4C43-94CA-DD39BA2B9D60}.Release|Any CPU.Build.0 = Release|Any CPU
		{4C29796B-316B-440A-823E-7E32CDD6B3D0}.Debug|Any CPU.ActiveCfg = Debug|Any CPU
		{4C29796B-316B-440A-823E-7E32CDD6B3D0}.Debug|Any CPU.Build.0 = Debug|Any CPU
		{4C29796B-316B-440A-823E-7E32CDD6B3D0}.Release|Any CPU.ActiveCfg = Release|Any CPU
		{4C29796B-316B-440A-823E-7E32CDD6B3D0}.Release|Any CPU.Build.0 = Release|Any CPU
		{08295957-7137-4261-BCEE-647282C39652}.Debug|Any CPU.ActiveCfg = Debug|Any CPU
		{08295957-7137-4261-BCEE-647282C39652}.Debug|Any CPU.Build.0 = Debug|Any CPU
		{08295957-7137-4261-BCEE-647282C39652}.Release|Any CPU.ActiveCfg = Release|Any CPU
		{08295957-7137-4261-BCEE-647282C39652}.Release|Any CPU.Build.0 = Release|Any CPU
		{79B5ABD9-F023-4066-9B17-52ED856D4A63}.Debug|Any CPU.ActiveCfg = Debug|Any CPU
		{79B5ABD9-F023-4066-9B17-52ED856D4A63}.Debug|Any CPU.Build.0 = Debug|Any CPU
		{79B5ABD9-F023-4066-9B17-52ED856D4A63}.Release|Any CPU.ActiveCfg = Release|Any CPU
		{79B5ABD9-F023-4066-9B17-52ED856D4A63}.Release|Any CPU.Build.0 = Release|Any CPU
		{D3CCECF5-DD39-4F95-AC63-7F1069D8ED7C}.Debug|Any CPU.ActiveCfg = Debug|Any CPU
		{D3CCECF5-DD39-4F95-AC63-7F1069D8ED7C}.Debug|Any CPU.Build.0 = Debug|Any CPU
		{D3CCECF5-DD39-4F95-AC63-7F1069D8ED7C}.Release|Any CPU.ActiveCfg = Release|Any CPU
		{D3CCECF5-DD39-4F95-AC63-7F1069D8ED7C}.Release|Any CPU.Build.0 = Release|Any CPU
		{3C682F32-CD2B-4EE3-9B3E-BAA6C0C86AA8}.Debug|Any CPU.ActiveCfg = Debug|Any CPU
		{3C682F32-CD2B-4EE3-9B3E-BAA6C0C86AA8}.Debug|Any CPU.Build.0 = Debug|Any CPU
		{3C682F32-CD2B-4EE3-9B3E-BAA6C0C86AA8}.Release|Any CPU.ActiveCfg = Release|Any CPU
		{3C682F32-CD2B-4EE3-9B3E-BAA6C0C86AA8}.Release|Any CPU.Build.0 = Release|Any CPU
		{76675182-D77A-433D-8D86-E7392D64C998}.Debug|Any CPU.ActiveCfg = Debug|Any CPU
		{76675182-D77A-433D-8D86-E7392D64C998}.Debug|Any CPU.Build.0 = Debug|Any CPU
		{76675182-D77A-433D-8D86-E7392D64C998}.Release|Any CPU.ActiveCfg = Release|Any CPU
		{76675182-D77A-433D-8D86-E7392D64C998}.Release|Any CPU.Build.0 = Release|Any CPU
		{AA8ADF76-A581-4478-A43D-7B665ADA0DB8}.Debug|Any CPU.ActiveCfg = Debug|Any CPU
		{AA8ADF76-A581-4478-A43D-7B665ADA0DB8}.Debug|Any CPU.Build.0 = Debug|Any CPU
		{AA8ADF76-A581-4478-A43D-7B665ADA0DB8}.Release|Any CPU.ActiveCfg = Release|Any CPU
		{AA8ADF76-A581-4478-A43D-7B665ADA0DB8}.Release|Any CPU.Build.0 = Release|Any CPU
		{36122DE2-6A17-4B69-97FB-89B59F6FABFC}.Debug|Any CPU.ActiveCfg = Debug|Any CPU
		{36122DE2-6A17-4B69-97FB-89B59F6FABFC}.Debug|Any CPU.Build.0 = Debug|Any CPU
		{36122DE2-6A17-4B69-97FB-89B59F6FABFC}.Release|Any CPU.ActiveCfg = Release|Any CPU
		{36122DE2-6A17-4B69-97FB-89B59F6FABFC}.Release|Any CPU.Build.0 = Release|Any CPU
		{B08E4F60-E558-4D75-8CA5-104AA8D14E66}.Debug|Any CPU.ActiveCfg = Debug|Any CPU
		{B08E4F60-E558-4D75-8CA5-104AA8D14E66}.Debug|Any CPU.Build.0 = Debug|Any CPU
		{B08E4F60-E558-4D75-8CA5-104AA8D14E66}.Release|Any CPU.ActiveCfg = Release|Any CPU
		{B08E4F60-E558-4D75-8CA5-104AA8D14E66}.Release|Any CPU.Build.0 = Release|Any CPU
		{013D8E88-27E2-4754-8EE6-FF00B2732DC2}.Debug|Any CPU.ActiveCfg = Debug|Any CPU
		{013D8E88-27E2-4754-8EE6-FF00B2732DC2}.Debug|Any CPU.Build.0 = Debug|Any CPU
		{013D8E88-27E2-4754-8EE6-FF00B2732DC2}.Release|Any CPU.ActiveCfg = Release|Any CPU
		{013D8E88-27E2-4754-8EE6-FF00B2732DC2}.Release|Any CPU.Build.0 = Release|Any CPU
		{74A54075-DACB-4456-90BB-61DB5AE0BE01}.Debug|Any CPU.ActiveCfg = Debug|Any CPU
		{74A54075-DACB-4456-90BB-61DB5AE0BE01}.Debug|Any CPU.Build.0 = Debug|Any CPU
		{74A54075-DACB-4456-90BB-61DB5AE0BE01}.Release|Any CPU.ActiveCfg = Release|Any CPU
		{74A54075-DACB-4456-90BB-61DB5AE0BE01}.Release|Any CPU.Build.0 = Release|Any CPU
		{ED038B4E-CCC5-455F-A035-D74B3E96CE9F}.Debug|Any CPU.ActiveCfg = Debug|Any CPU
		{ED038B4E-CCC5-455F-A035-D74B3E96CE9F}.Debug|Any CPU.Build.0 = Debug|Any CPU
		{ED038B4E-CCC5-455F-A035-D74B3E96CE9F}.Release|Any CPU.ActiveCfg = Release|Any CPU
		{ED038B4E-CCC5-455F-A035-D74B3E96CE9F}.Release|Any CPU.Build.0 = Release|Any CPU
		{F8948451-EAEC-4B81-B657-6732891031B9}.Debug|Any CPU.ActiveCfg = Debug|Any CPU
		{F8948451-EAEC-4B81-B657-6732891031B9}.Debug|Any CPU.Build.0 = Debug|Any CPU
		{F8948451-EAEC-4B81-B657-6732891031B9}.Release|Any CPU.ActiveCfg = Release|Any CPU
		{F8948451-EAEC-4B81-B657-6732891031B9}.Release|Any CPU.Build.0 = Release|Any CPU
		{31578022-1068-4737-B031-526BA5CB81C7}.Debug|Any CPU.ActiveCfg = Debug|Any CPU
		{31578022-1068-4737-B031-526BA5CB81C7}.Debug|Any CPU.Build.0 = Debug|Any CPU
		{31578022-1068-4737-B031-526BA5CB81C7}.Release|Any CPU.ActiveCfg = Release|Any CPU
		{31578022-1068-4737-B031-526BA5CB81C7}.Release|Any CPU.Build.0 = Release|Any CPU
		{A2CC1DAB-D54D-4D03-B35F-ECFF4A81B265}.Debug|Any CPU.ActiveCfg = Debug|Any CPU
		{A2CC1DAB-D54D-4D03-B35F-ECFF4A81B265}.Debug|Any CPU.Build.0 = Debug|Any CPU
		{A2CC1DAB-D54D-4D03-B35F-ECFF4A81B265}.Release|Any CPU.ActiveCfg = Release|Any CPU
		{A2CC1DAB-D54D-4D03-B35F-ECFF4A81B265}.Release|Any CPU.Build.0 = Release|Any CPU
		{B75ED1CA-B48F-48C6-BFA6-CEC5A103AE61}.Debug|Any CPU.ActiveCfg = Debug|Any CPU
		{B75ED1CA-B48F-48C6-BFA6-CEC5A103AE61}.Debug|Any CPU.Build.0 = Debug|Any CPU
		{B75ED1CA-B48F-48C6-BFA6-CEC5A103AE61}.Release|Any CPU.ActiveCfg = Release|Any CPU
		{B75ED1CA-B48F-48C6-BFA6-CEC5A103AE61}.Release|Any CPU.Build.0 = Release|Any CPU
		{FFAB069F-F787-4244-A7A3-5C6EDE7219AC}.Debug|Any CPU.ActiveCfg = Debug|Any CPU
		{FFAB069F-F787-4244-A7A3-5C6EDE7219AC}.Debug|Any CPU.Build.0 = Debug|Any CPU
		{FFAB069F-F787-4244-A7A3-5C6EDE7219AC}.Release|Any CPU.ActiveCfg = Release|Any CPU
		{FFAB069F-F787-4244-A7A3-5C6EDE7219AC}.Release|Any CPU.Build.0 = Release|Any CPU
		{DE3776DC-284A-4822-A780-33AB66D74F2C}.Debug|Any CPU.ActiveCfg = Debug|Any CPU
		{DE3776DC-284A-4822-A780-33AB66D74F2C}.Debug|Any CPU.Build.0 = Debug|Any CPU
		{DE3776DC-284A-4822-A780-33AB66D74F2C}.Release|Any CPU.ActiveCfg = Release|Any CPU
		{DE3776DC-284A-4822-A780-33AB66D74F2C}.Release|Any CPU.Build.0 = Release|Any CPU
		{CCFE6B0F-028A-482E-8494-99CAEBF4932D}.Debug|Any CPU.ActiveCfg = Debug|Any CPU
		{CCFE6B0F-028A-482E-8494-99CAEBF4932D}.Debug|Any CPU.Build.0 = Debug|Any CPU
		{CCFE6B0F-028A-482E-8494-99CAEBF4932D}.Release|Any CPU.ActiveCfg = Release|Any CPU
		{CCFE6B0F-028A-482E-8494-99CAEBF4932D}.Release|Any CPU.Build.0 = Release|Any CPU
		{5DA6AFC5-A457-4EAF-B93A-0A06BF2E952D}.Debug|Any CPU.ActiveCfg = Debug|Any CPU
		{5DA6AFC5-A457-4EAF-B93A-0A06BF2E952D}.Debug|Any CPU.Build.0 = Debug|Any CPU
		{5DA6AFC5-A457-4EAF-B93A-0A06BF2E952D}.Release|Any CPU.ActiveCfg = Release|Any CPU
		{5DA6AFC5-A457-4EAF-B93A-0A06BF2E952D}.Release|Any CPU.Build.0 = Release|Any CPU
		{0D7D84CB-2FA2-4CDC-A7A7-3F10D8DC9551}.Debug|Any CPU.ActiveCfg = Debug|Any CPU
		{0D7D84CB-2FA2-4CDC-A7A7-3F10D8DC9551}.Debug|Any CPU.Build.0 = Debug|Any CPU
		{0D7D84CB-2FA2-4CDC-A7A7-3F10D8DC9551}.Release|Any CPU.ActiveCfg = Release|Any CPU
		{0D7D84CB-2FA2-4CDC-A7A7-3F10D8DC9551}.Release|Any CPU.Build.0 = Release|Any CPU
		{D7C44482-D928-4A17-B111-7B01C430B248}.Debug|Any CPU.ActiveCfg = Debug|Any CPU
		{D7C44482-D928-4A17-B111-7B01C430B248}.Debug|Any CPU.Build.0 = Debug|Any CPU
		{D7C44482-D928-4A17-B111-7B01C430B248}.Release|Any CPU.ActiveCfg = Release|Any CPU
		{D7C44482-D928-4A17-B111-7B01C430B248}.Release|Any CPU.Build.0 = Release|Any CPU
		{D03B4DF7-8CCE-46CA-9E9F-5E61B8E4E165}.Debug|Any CPU.ActiveCfg = Debug|Any CPU
		{D03B4DF7-8CCE-46CA-9E9F-5E61B8E4E165}.Debug|Any CPU.Build.0 = Debug|Any CPU
		{D03B4DF7-8CCE-46CA-9E9F-5E61B8E4E165}.Release|Any CPU.ActiveCfg = Release|Any CPU
		{D03B4DF7-8CCE-46CA-9E9F-5E61B8E4E165}.Release|Any CPU.Build.0 = Release|Any CPU
		{B46686D9-4DA0-49A7-A745-E58EA353190F}.Debug|Any CPU.ActiveCfg = Debug|Any CPU
		{B46686D9-4DA0-49A7-A745-E58EA353190F}.Debug|Any CPU.Build.0 = Debug|Any CPU
		{B46686D9-4DA0-49A7-A745-E58EA353190F}.Release|Any CPU.ActiveCfg = Release|Any CPU
		{B46686D9-4DA0-49A7-A745-E58EA353190F}.Release|Any CPU.Build.0 = Release|Any CPU
		{9D06892A-5812-4178-893D-57DF6E665D4D}.Debug|Any CPU.ActiveCfg = Debug|Any CPU
		{9D06892A-5812-4178-893D-57DF6E665D4D}.Debug|Any CPU.Build.0 = Debug|Any CPU
		{9D06892A-5812-4178-893D-57DF6E665D4D}.Release|Any CPU.ActiveCfg = Release|Any CPU
		{9D06892A-5812-4178-893D-57DF6E665D4D}.Release|Any CPU.Build.0 = Release|Any CPU
		{44E577B5-A7DF-4041-B489-9E59DBB11487}.Debug|Any CPU.ActiveCfg = Debug|Any CPU
		{44E577B5-A7DF-4041-B489-9E59DBB11487}.Debug|Any CPU.Build.0 = Debug|Any CPU
		{44E577B5-A7DF-4041-B489-9E59DBB11487}.Release|Any CPU.ActiveCfg = Release|Any CPU
		{44E577B5-A7DF-4041-B489-9E59DBB11487}.Release|Any CPU.Build.0 = Release|Any CPU
		{5534EA95-CF4D-4D2E-9538-A9A17DBE5D8E}.Debug|Any CPU.ActiveCfg = Debug|Any CPU
		{5534EA95-CF4D-4D2E-9538-A9A17DBE5D8E}.Debug|Any CPU.Build.0 = Debug|Any CPU
		{5534EA95-CF4D-4D2E-9538-A9A17DBE5D8E}.Release|Any CPU.ActiveCfg = Release|Any CPU
		{5534EA95-CF4D-4D2E-9538-A9A17DBE5D8E}.Release|Any CPU.Build.0 = Release|Any CPU
		{DD648B36-A355-4C6E-87FD-BE0F444278E7}.Debug|Any CPU.ActiveCfg = Debug|Any CPU
		{DD648B36-A355-4C6E-87FD-BE0F444278E7}.Debug|Any CPU.Build.0 = Debug|Any CPU
		{DD648B36-A355-4C6E-87FD-BE0F444278E7}.Release|Any CPU.ActiveCfg = Release|Any CPU
		{DD648B36-A355-4C6E-87FD-BE0F444278E7}.Release|Any CPU.Build.0 = Release|Any CPU
		{D9CA5AA0-2FCE-466F-BC33-E39DEB53AE01}.Debug|Any CPU.ActiveCfg = Debug|Any CPU
		{D9CA5AA0-2FCE-466F-BC33-E39DEB53AE01}.Debug|Any CPU.Build.0 = Debug|Any CPU
		{D9CA5AA0-2FCE-466F-BC33-E39DEB53AE01}.Release|Any CPU.ActiveCfg = Release|Any CPU
		{D9CA5AA0-2FCE-466F-BC33-E39DEB53AE01}.Release|Any CPU.Build.0 = Release|Any CPU
		{2BFB6202-9809-4AD5-8841-02089FB33F27}.Debug|Any CPU.ActiveCfg = Debug|Any CPU
		{2BFB6202-9809-4AD5-8841-02089FB33F27}.Debug|Any CPU.Build.0 = Debug|Any CPU
		{2BFB6202-9809-4AD5-8841-02089FB33F27}.Release|Any CPU.ActiveCfg = Release|Any CPU
		{2BFB6202-9809-4AD5-8841-02089FB33F27}.Release|Any CPU.Build.0 = Release|Any CPU
		{D31010BE-083C-44B9-A14F-121C36EF17F5}.Debug|Any CPU.ActiveCfg = Debug|Any CPU
		{D31010BE-083C-44B9-A14F-121C36EF17F5}.Debug|Any CPU.Build.0 = Debug|Any CPU
		{D31010BE-083C-44B9-A14F-121C36EF17F5}.Release|Any CPU.ActiveCfg = Release|Any CPU
		{D31010BE-083C-44B9-A14F-121C36EF17F5}.Release|Any CPU.Build.0 = Release|Any CPU
		{BBB5B011-C3C8-4CD2-82AA-A558BBC6924E}.Debug|Any CPU.ActiveCfg = Debug|Any CPU
		{BBB5B011-C3C8-4CD2-82AA-A558BBC6924E}.Debug|Any CPU.Build.0 = Debug|Any CPU
		{BBB5B011-C3C8-4CD2-82AA-A558BBC6924E}.Release|Any CPU.ActiveCfg = Release|Any CPU
		{BBB5B011-C3C8-4CD2-82AA-A558BBC6924E}.Release|Any CPU.Build.0 = Release|Any CPU
		{4E341BA3-248E-4FB5-827B-C97AB0B2F175}.Debug|Any CPU.ActiveCfg = Debug|Any CPU
		{4E341BA3-248E-4FB5-827B-C97AB0B2F175}.Debug|Any CPU.Build.0 = Debug|Any CPU
		{4E341BA3-248E-4FB5-827B-C97AB0B2F175}.Release|Any CPU.ActiveCfg = Release|Any CPU
		{4E341BA3-248E-4FB5-827B-C97AB0B2F175}.Release|Any CPU.Build.0 = Release|Any CPU
		{65AA5C17-95AC-4D0E-AF87-7FD85D57DF5E}.Debug|Any CPU.ActiveCfg = Debug|Any CPU
		{65AA5C17-95AC-4D0E-AF87-7FD85D57DF5E}.Debug|Any CPU.Build.0 = Debug|Any CPU
		{65AA5C17-95AC-4D0E-AF87-7FD85D57DF5E}.Release|Any CPU.ActiveCfg = Release|Any CPU
		{65AA5C17-95AC-4D0E-AF87-7FD85D57DF5E}.Release|Any CPU.Build.0 = Release|Any CPU
		{37305BF5-5AA5-4641-8CAA-81B7CBAA13B7}.Debug|Any CPU.ActiveCfg = Debug|Any CPU
		{37305BF5-5AA5-4641-8CAA-81B7CBAA13B7}.Debug|Any CPU.Build.0 = Debug|Any CPU
		{37305BF5-5AA5-4641-8CAA-81B7CBAA13B7}.Release|Any CPU.ActiveCfg = Release|Any CPU
		{37305BF5-5AA5-4641-8CAA-81B7CBAA13B7}.Release|Any CPU.Build.0 = Release|Any CPU
		{1327D819-F597-40A8-A847-25E10390F167}.Debug|Any CPU.ActiveCfg = Debug|Any CPU
		{1327D819-F597-40A8-A847-25E10390F167}.Debug|Any CPU.Build.0 = Debug|Any CPU
		{1327D819-F597-40A8-A847-25E10390F167}.Release|Any CPU.ActiveCfg = Release|Any CPU
		{1327D819-F597-40A8-A847-25E10390F167}.Release|Any CPU.Build.0 = Release|Any CPU
		{2B799D2C-8077-454A-8B65-0B2F3D98F97A}.Debug|Any CPU.ActiveCfg = Debug|Any CPU
		{2B799D2C-8077-454A-8B65-0B2F3D98F97A}.Debug|Any CPU.Build.0 = Debug|Any CPU
		{2B799D2C-8077-454A-8B65-0B2F3D98F97A}.Release|Any CPU.ActiveCfg = Release|Any CPU
		{2B799D2C-8077-454A-8B65-0B2F3D98F97A}.Release|Any CPU.Build.0 = Release|Any CPU
		{5E56429A-F78F-4719-9793-90938A97EDB3}.Debug|Any CPU.ActiveCfg = Debug|Any CPU
		{5E56429A-F78F-4719-9793-90938A97EDB3}.Debug|Any CPU.Build.0 = Debug|Any CPU
		{5E56429A-F78F-4719-9793-90938A97EDB3}.Release|Any CPU.ActiveCfg = Release|Any CPU
		{5E56429A-F78F-4719-9793-90938A97EDB3}.Release|Any CPU.Build.0 = Release|Any CPU
		{4E747E7B-0C37-45B0-856C-6F6B8DBAE886}.Debug|Any CPU.ActiveCfg = Debug|Any CPU
		{4E747E7B-0C37-45B0-856C-6F6B8DBAE886}.Debug|Any CPU.Build.0 = Debug|Any CPU
		{4E747E7B-0C37-45B0-856C-6F6B8DBAE886}.Release|Any CPU.ActiveCfg = Release|Any CPU
		{4E747E7B-0C37-45B0-856C-6F6B8DBAE886}.Release|Any CPU.Build.0 = Release|Any CPU
		{682F0111-488E-46C7-9B5F-65E09945A916}.Debug|Any CPU.ActiveCfg = Debug|Any CPU
		{682F0111-488E-46C7-9B5F-65E09945A916}.Debug|Any CPU.Build.0 = Debug|Any CPU
		{682F0111-488E-46C7-9B5F-65E09945A916}.Release|Any CPU.ActiveCfg = Release|Any CPU
		{682F0111-488E-46C7-9B5F-65E09945A916}.Release|Any CPU.Build.0 = Release|Any CPU
		{967594D4-EAE9-4A4A-9C3C-96BFD037B25A}.Debug|Any CPU.ActiveCfg = Debug|Any CPU
		{967594D4-EAE9-4A4A-9C3C-96BFD037B25A}.Debug|Any CPU.Build.0 = Debug|Any CPU
		{967594D4-EAE9-4A4A-9C3C-96BFD037B25A}.Release|Any CPU.ActiveCfg = Release|Any CPU
		{967594D4-EAE9-4A4A-9C3C-96BFD037B25A}.Release|Any CPU.Build.0 = Release|Any CPU
	EndGlobalSection
	GlobalSection(SolutionProperties) = preSolution
		HideSolutionNode = FALSE
	EndGlobalSection
	GlobalSection(ExtensibilityGlobals) = postSolution
		SolutionGuid = {B30F92E1-EEC8-4822-ADC9-F23A236F222D}
	EndGlobalSection
EndGlobal
