
Microsoft Visual Studio Solution File, Format Version 12.00
# Visual Studio Version 17
VisualStudioVersion = 17.2.32630.192
MinimumVisualStudioVersion = 10.0.40219.1
Project("{9A19103F-16F7-4668-BE54-9A1E7A4F7556}") = "R5T.L0079.Construction", "R5T.L0079.Construction\R5T.L0079.Construction.csproj", "{3CB770BD-CE5D-4214-A1A8-4682794885B2}"
EndProject
Project("{9A19103F-16F7-4668-BE54-9A1E7A4F7556}") = "R5T.L0079", "R5T.L0079\R5T.L0079.csproj", "{29D93A15-02FE-41D1-A437-2F2F3745EA52}"
EndProject
Global
	GlobalSection(SolutionConfigurationPlatforms) = preSolution
		Debug|Any CPU = Debug|Any CPU
		Release|Any CPU = Release|Any CPU
	EndGlobalSection
	GlobalSection(ProjectConfigurationPlatforms) = postSolution
		{3CB770BD-CE5D-4214-A1A8-4682794885B2}.Debug|Any CPU.ActiveCfg = Debug|Any CPU
		{3CB770BD-CE5D-4214-A1A8-4682794885B2}.Debug|Any CPU.Build.0 = Debug|Any CPU
		{3CB770BD-CE5D-4214-A1A8-4682794885B2}.Release|Any CPU.ActiveCfg = Release|Any CPU
		{3CB770BD-CE5D-4214-A1A8-4682794885B2}.Release|Any CPU.Build.0 = Release|Any CPU
		{29D93A15-02FE-41D1-A437-2F2F3745EA52}.Debug|Any CPU.ActiveCfg = Debug|Any CPU
		{29D93A15-02FE-41D1-A437-2F2F3745EA52}.Debug|Any CPU.Build.0 = Debug|Any CPU
		{29D93A15-02FE-41D1-A437-2F2F3745EA52}.Release|Any CPU.ActiveCfg = Release|Any CPU
		{29D93A15-02FE-41D1-A437-2F2F3745EA52}.Release|Any CPU.Build.0 = Release|Any CPU
	EndGlobalSection
	GlobalSection(SolutionProperties) = preSolution
		HideSolutionNode = FALSE
	EndGlobalSection
	GlobalSection(ExtensibilityGlobals) = postSolution
		SolutionGuid = {B30F92E1-EEC8-4822-ADC9-F23A236F222D}
	EndGlobalSection
EndGlobal
